{
  "name": "polyfill",
  "version": "0.1.0",
  "lockfileVersion": 1,
  "requires": true,
  "dependencies": {
    "core-js": {
      "version": "3.10.1",
      "resolved": "https://tech-npm.tezign.com/core-js/-/core-js-3.10.1.tgz",
      "integrity": "sha1-5oOWOXi2gG3MbApKi9SrC9rz8ho="
    },
    "regenerator-runtime": {
      "version": "0.13.7",
      "resolved": "https://tech-npm.tezign.com/regenerator-runtime/-/regenerator-runtime-0.13.7.tgz",
      "integrity": "sha1-ysLazIoepnX+qrrriugziYrkb1U="
    }
  }
}
